
Microsoft Visual Studio Solution File, Format Version 12.00
Project("{FAE04EC0-301F-11D3-BF4B-00C04F79EFBC}") = "FirecrackerSharp", "FirecrackerSharp\FirecrackerSharp.csproj", "{9E0D7AD8-DFBC-4FFA-961D-B2A8E6D197E5}"
EndProject
Project("{FAE04EC0-301F-11D3-BF4B-00C04F79EFBC}") = "FirecrackerSharp.Demo", "FirecrackerSharp.Demo\FirecrackerSharp.Demo.csproj", "{DB1784C1-717C-425B-A5E7-9A7111CAE3EF}"
EndProject
Project("{FAE04EC0-301F-11D3-BF4B-00C04F79EFBC}") = "FirecrackerSharp.Host.Local", "FirecrackerSharp.Host.Local\FirecrackerSharp.Host.Local.csproj", "{D658F68D-0513-4619-A7AE-F73CFE569C43}"
EndProject
Project("{FAE04EC0-301F-11D3-BF4B-00C04F79EFBC}") = "FirecrackerSharp.Transport.SSH", "FirecrackerSharp.Transport.SSH\FirecrackerSharp.Transport.SSH.csproj", "{74D288A5-5BCB-4750-80F0-19CAE3DCC118}"
EndProject
Global
	GlobalSection(SolutionConfigurationPlatforms) = preSolution
		Debug|Any CPU = Debug|Any CPU
		Release|Any CPU = Release|Any CPU
	EndGlobalSection
	GlobalSection(ProjectConfigurationPlatforms) = postSolution
		{9E0D7AD8-DFBC-4FFA-961D-B2A8E6D197E5}.Debug|Any CPU.ActiveCfg = Debug|Any CPU
		{9E0D7AD8-DFBC-4FFA-961D-B2A8E6D197E5}.Debug|Any CPU.Build.0 = Debug|Any CPU
		{9E0D7AD8-DFBC-4FFA-961D-B2A8E6D197E5}.Release|Any CPU.ActiveCfg = Release|Any CPU
		{9E0D7AD8-DFBC-4FFA-961D-B2A8E6D197E5}.Release|Any CPU.Build.0 = Release|Any CPU
		{DB1784C1-717C-425B-A5E7-9A7111CAE3EF}.Debug|Any CPU.ActiveCfg = Debug|Any CPU
		{DB1784C1-717C-425B-A5E7-9A7111CAE3EF}.Debug|Any CPU.Build.0 = Debug|Any CPU
		{DB1784C1-717C-425B-A5E7-9A7111CAE3EF}.Release|Any CPU.ActiveCfg = Release|Any CPU
		{DB1784C1-717C-425B-A5E7-9A7111CAE3EF}.Release|Any CPU.Build.0 = Release|Any CPU
		{D658F68D-0513-4619-A7AE-F73CFE569C43}.Debug|Any CPU.ActiveCfg = Debug|Any CPU
		{D658F68D-0513-4619-A7AE-F73CFE569C43}.Debug|Any CPU.Build.0 = Debug|Any CPU
		{D658F68D-0513-4619-A7AE-F73CFE569C43}.Release|Any CPU.ActiveCfg = Release|Any CPU
		{D658F68D-0513-4619-A7AE-F73CFE569C43}.Release|Any CPU.Build.0 = Release|Any CPU
		{74D288A5-5BCB-4750-80F0-19CAE3DCC118}.Debug|Any CPU.ActiveCfg = Debug|Any CPU
		{74D288A5-5BCB-4750-80F0-19CAE3DCC118}.Debug|Any CPU.Build.0 = Debug|Any CPU
		{74D288A5-5BCB-4750-80F0-19CAE3DCC118}.Release|Any CPU.ActiveCfg = Release|Any CPU
		{74D288A5-5BCB-4750-80F0-19CAE3DCC118}.Release|Any CPU.Build.0 = Release|Any CPU
	EndGlobalSection
EndGlobal
