
Microsoft Visual Studio Solution File, Format Version 12.00
Project("{FAE04EC0-301F-11D3-BF4B-00C04F79EFBC}") = "FirecrackerSharp", "FirecrackerSharp\FirecrackerSharp.csproj", "{9E0D7AD8-DFBC-4FFA-961D-B2A8E6D197E5}"
EndProject
Project("{FAE04EC0-301F-11D3-BF4B-00C04F79EFBC}") = "FirecrackerSharp.Host.Local", "FirecrackerSharp.Host.Local\FirecrackerSharp.Host.Local.csproj", "{D658F68D-0513-4619-A7AE-F73CFE569C43}"
EndProject
Project("{FAE04EC0-301F-11D3-BF4B-00C04F79EFBC}") = "FirecrackerSharp.Host.Ssh", "FirecrackerSharp.Host.Ssh\FirecrackerSharp.Host.Ssh.csproj", "{74D288A5-5BCB-4750-80F0-19CAE3DCC118}"
EndProject
Project("{FAE04EC0-301F-11D3-BF4B-00C04F79EFBC}") = "FirecrackerSharp.Host.Ssh.Tests", "FirecrackerSharp.Host.Ssh.Tests\FirecrackerSharp.Host.Ssh.Tests.csproj", "{784E6C54-B740-46D5-A4A8-063DE9724554}"
EndProject
Project("{FAE04EC0-301F-11D3-BF4B-00C04F79EFBC}") = "UdsListener", "UdsListener\UdsListener.csproj", "{57B23654-921B-4150-A169-DD2A1381ADF2}"
EndProject
Project("{FAE04EC0-301F-11D3-BF4B-00C04F79EFBC}") = "FirecrackerSharp.Host.Local.Tests", "FirecrackerSharp.Host.Local.Tests\FirecrackerSharp.Host.Local.Tests.csproj", "{5D215CE0-98B5-4BE5-8A60-D5DC2C191209}"
EndProject
Project("{2150E333-8FDC-42A3-9474-1A3956D46DE8}") = "src", "src", "{B3756D89-67B8-483D-8D2E-501A365ED80C}"
EndProject
Project("{2150E333-8FDC-42A3-9474-1A3956D46DE8}") = "tests", "tests", "{039AB2D0-E8B9-432F-9CD5-E72CC8DF2B63}"
EndProject
Project("{FAE04EC0-301F-11D3-BF4B-00C04F79EFBC}") = "FirecrackerSharp.Tests", "FirecrackerSharp.Tests\FirecrackerSharp.Tests.csproj", "{63086CB2-8C83-4435-87CA-5C8F63493940}"
EndProject
Global
	GlobalSection(SolutionConfigurationPlatforms) = preSolution
		Debug|Any CPU = Debug|Any CPU
		Release|Any CPU = Release|Any CPU
	EndGlobalSection
	GlobalSection(ProjectConfigurationPlatforms) = postSolution
		{9E0D7AD8-DFBC-4FFA-961D-B2A8E6D197E5}.Debug|Any CPU.ActiveCfg = Debug|Any CPU
		{9E0D7AD8-DFBC-4FFA-961D-B2A8E6D197E5}.Debug|Any CPU.Build.0 = Debug|Any CPU
		{9E0D7AD8-DFBC-4FFA-961D-B2A8E6D197E5}.Release|Any CPU.ActiveCfg = Release|Any CPU
		{9E0D7AD8-DFBC-4FFA-961D-B2A8E6D197E5}.Release|Any CPU.Build.0 = Release|Any CPU
		{D658F68D-0513-4619-A7AE-F73CFE569C43}.Debug|Any CPU.ActiveCfg = Debug|Any CPU
		{D658F68D-0513-4619-A7AE-F73CFE569C43}.Debug|Any CPU.Build.0 = Debug|Any CPU
		{D658F68D-0513-4619-A7AE-F73CFE569C43}.Release|Any CPU.ActiveCfg = Release|Any CPU
		{D658F68D-0513-4619-A7AE-F73CFE569C43}.Release|Any CPU.Build.0 = Release|Any CPU
		{74D288A5-5BCB-4750-80F0-19CAE3DCC118}.Debug|Any CPU.ActiveCfg = Debug|Any CPU
		{74D288A5-5BCB-4750-80F0-19CAE3DCC118}.Debug|Any CPU.Build.0 = Debug|Any CPU
		{74D288A5-5BCB-4750-80F0-19CAE3DCC118}.Release|Any CPU.ActiveCfg = Release|Any CPU
		{74D288A5-5BCB-4750-80F0-19CAE3DCC118}.Release|Any CPU.Build.0 = Release|Any CPU
		{784E6C54-B740-46D5-A4A8-063DE9724554}.Debug|Any CPU.ActiveCfg = Debug|Any CPU
		{784E6C54-B740-46D5-A4A8-063DE9724554}.Debug|Any CPU.Build.0 = Debug|Any CPU
		{784E6C54-B740-46D5-A4A8-063DE9724554}.Release|Any CPU.ActiveCfg = Release|Any CPU
		{784E6C54-B740-46D5-A4A8-063DE9724554}.Release|Any CPU.Build.0 = Release|Any CPU
		{57B23654-921B-4150-A169-DD2A1381ADF2}.Debug|Any CPU.ActiveCfg = Debug|Any CPU
		{57B23654-921B-4150-A169-DD2A1381ADF2}.Debug|Any CPU.Build.0 = Debug|Any CPU
		{57B23654-921B-4150-A169-DD2A1381ADF2}.Release|Any CPU.ActiveCfg = Release|Any CPU
		{57B23654-921B-4150-A169-DD2A1381ADF2}.Release|Any CPU.Build.0 = Release|Any CPU
		{5D215CE0-98B5-4BE5-8A60-D5DC2C191209}.Debug|Any CPU.ActiveCfg = Debug|Any CPU
		{5D215CE0-98B5-4BE5-8A60-D5DC2C191209}.Debug|Any CPU.Build.0 = Debug|Any CPU
		{5D215CE0-98B5-4BE5-8A60-D5DC2C191209}.Release|Any CPU.ActiveCfg = Release|Any CPU
		{5D215CE0-98B5-4BE5-8A60-D5DC2C191209}.Release|Any CPU.Build.0 = Release|Any CPU
		{63086CB2-8C83-4435-87CA-5C8F63493940}.Debug|Any CPU.ActiveCfg = Debug|Any CPU
		{63086CB2-8C83-4435-87CA-5C8F63493940}.Debug|Any CPU.Build.0 = Debug|Any CPU
		{63086CB2-8C83-4435-87CA-5C8F63493940}.Release|Any CPU.ActiveCfg = Release|Any CPU
		{63086CB2-8C83-4435-87CA-5C8F63493940}.Release|Any CPU.Build.0 = Release|Any CPU
	EndGlobalSection
	GlobalSection(NestedProjects) = preSolution
		{5D215CE0-98B5-4BE5-8A60-D5DC2C191209} = {039AB2D0-E8B9-432F-9CD5-E72CC8DF2B63}
		{784E6C54-B740-46D5-A4A8-063DE9724554} = {039AB2D0-E8B9-432F-9CD5-E72CC8DF2B63}
		{9E0D7AD8-DFBC-4FFA-961D-B2A8E6D197E5} = {B3756D89-67B8-483D-8D2E-501A365ED80C}
		{D658F68D-0513-4619-A7AE-F73CFE569C43} = {B3756D89-67B8-483D-8D2E-501A365ED80C}
		{74D288A5-5BCB-4750-80F0-19CAE3DCC118} = {B3756D89-67B8-483D-8D2E-501A365ED80C}
		{57B23654-921B-4150-A169-DD2A1381ADF2} = {039AB2D0-E8B9-432F-9CD5-E72CC8DF2B63}
		{63086CB2-8C83-4435-87CA-5C8F63493940} = {039AB2D0-E8B9-432F-9CD5-E72CC8DF2B63}
	EndGlobalSection
EndGlobal
